
Microsoft Visual Studio Solution File, Format Version 12.00
# Visual Studio Version 16
VisualStudioVersion = 16.0.32228.343
MinimumVisualStudioVersion = 10.0.40219.1
Project("{FAE04EC0-301F-11D3-BF4B-00C04F79EFBC}") = "Blank_Lember_TARgv20.Android", "Blank_Lember_TARgv20.Android\Blank_Lember_TARgv20.Android.csproj", "{5FD1015C-1DCC-4A78-978E-C888F1E9871E}"
EndProject
Project("{FAE04EC0-301F-11D3-BF4B-00C04F79EFBC}") = "Blank_Lember_TARgv20", "Blank_Lember_TARgv20\Blank_Lember_TARgv20.csproj", "{44520101-652B-4F41-822D-557E8297AA4B}"
EndProject
Global
	GlobalSection(SolutionConfigurationPlatforms) = preSolution
		Debug|Any CPU = Debug|Any CPU
		Release|Any CPU = Release|Any CPU
	EndGlobalSection
	GlobalSection(ProjectConfigurationPlatforms) = postSolution
		{5FD1015C-1DCC-4A78-978E-C888F1E9871E}.Debug|Any CPU.ActiveCfg = Debug|Any CPU
		{5FD1015C-1DCC-4A78-978E-C888F1E9871E}.Debug|Any CPU.Build.0 = Debug|Any CPU
		{5FD1015C-1DCC-4A78-978E-C888F1E9871E}.Debug|Any CPU.Deploy.0 = Debug|Any CPU
		{5FD1015C-1DCC-4A78-978E-C888F1E9871E}.Release|Any CPU.ActiveCfg = Release|Any CPU
		{5FD1015C-1DCC-4A78-978E-C888F1E9871E}.Release|Any CPU.Build.0 = Release|Any CPU
		{5FD1015C-1DCC-4A78-978E-C888F1E9871E}.Release|Any CPU.Deploy.0 = Release|Any CPU
		{44520101-652B-4F41-822D-557E8297AA4B}.Debug|Any CPU.ActiveCfg = Debug|Any CPU
		{44520101-652B-4F41-822D-557E8297AA4B}.Debug|Any CPU.Build.0 = Debug|Any CPU
		{44520101-652B-4F41-822D-557E8297AA4B}.Debug|Any CPU.Deploy.0 = Debug|Any CPU
		{44520101-652B-4F41-822D-557E8297AA4B}.Release|Any CPU.ActiveCfg = Release|Any CPU
		{44520101-652B-4F41-822D-557E8297AA4B}.Release|Any CPU.Build.0 = Release|Any CPU
		{44520101-652B-4F41-822D-557E8297AA4B}.Release|Any CPU.Deploy.0 = Release|Any CPU
	EndGlobalSection
	GlobalSection(SolutionProperties) = preSolution
		HideSolutionNode = FALSE
	EndGlobalSection
	GlobalSection(ExtensibilityGlobals) = postSolution
		SolutionGuid = {2C0CA403-4835-4356-821E-4E3D2A36EFAF}
	EndGlobalSection
EndGlobal
